<?xml version="1.0" encoding="UTF-8" standalone="yes" ?>
<CodeBlocks_project_file>
	<FileVersion major="1" minor="6" />
	<Project>
		<Option title="01_CPP_Basics" />
		<Option pch_mode="2" />
		<Option compiler="gcc" />
		<Build>
			<Target title="Debug">
				<Option output="bin/Debug/01_CPP_Basics" prefix_auto="1" extension_auto="1" />
				<Option object_output="obj/Debug/" />
				<Option type="1" />
				<Option compiler="gcc" />
				<Compiler>
					<Add option="-Weffc++" />
					<Add option="-pedantic" />
					<Add option="-Wextra" />
					<Add option="-Wall" />
					<Add option="-g" />
				</Compiler>
			</Target>
			<Target title="Release">
				<Option output="bin/Release/01_CPP_Basics" prefix_auto="1" extension_auto="1" />
				<Option object_output="obj/Release/" />
				<Option type="1" />
				<Option compiler="gcc" />
				<Compiler>
					<Add option="-O2" />
				</Compiler>
				<Linker>
					<Add option="-s" />
				</Linker>
			</Target>
		</Build>
		<Compiler>
			<Add option="-Wall" />
			<Add option="-fexceptions" />
		</Compiler>
		<Unit filename="01. first.cpp">
			<Option compile="0" />
			<Option link="0" />
		</Unit>
		<Unit filename="02. size_data_types.cpp">
			<Option compile="0" />
			<Option link="0" />
		</Unit>
		<Unit filename="03. RecArea.cpp">
			<Option compile="0" />
			<Option link="0" />
		</Unit>
		<Unit filename="04. SumOfFirstN_NaturalNumbers.cpp">
			<Option compile="0" />
			<Option link="0" />
		</Unit>
		<Unit filename="05. Finding-roots-of-Quadratic-Equations.cpp">
			<Option compile="0" />
			<Option link="0" />
		</Unit>
		<Unit filename="06. CircleArea.cpp">
			<Option compile="0" />
			<Option link="0" />
		</Unit>
		<Unit filename="07. CompoundAssignment.cpp">
			<Option compile="0" />
			<Option link="0" />
		</Unit>
		<Unit filename="08. Increment_and_Decrement_Operators.cpp">
			<Option compile="0" />
			<Option link="0" />
		</Unit>
		<Unit filename="09. Overflow.cpp">
			<Option compile="0" />
			<Option link="0" />
		</Unit>
		<Unit filename="10. Bitwise_operations.cpp">
			<Option compile="0" />
			<Option link="0" />
		</Unit>
		<Unit filename="11. Enums_typedef.cpp">
			<Option compile="0" />
			<Option link="0" />
		</Unit>
		<Unit filename="12. Calculate_net_salary.cpp">
			<Option compile="0" />
			<Option link="0" />
		</Unit>
		<Extensions />
	</Project>
</CodeBlocks_project_file>
